{
    "_readme": [
        "This file locks the dependencies of your project to a known state",
        "Read more about it at http://getcomposer.org/doc/01-basic-usage.md#composer-lock-the-lock-file"
    ],
    "hash": "8e694a313357248c96dce0e21a39bbe0",
    "packages": [
        {
            "name": "nette/nette",
            "version": "v2.0.12",
            "source": {
                "type": "git",
                "url": "https://github.com/nette/nette.git",
                "reference": "80a7e460badc3d71b1469bb23810ebf235b06b11"
            },
            "dist": {
                "type": "zip",
                "url": "https://api.github.com/repos/nette/nette/zipball/80a7e460badc3d71b1469bb23810ebf235b06b11",
                "reference": "80a7e460badc3d71b1469bb23810ebf235b06b11",
                "shasum": ""
            },
            "require": {
                "ext-iconv": "*",
                "ext-tokenizer": "*",
                "php": ">=5.3.0"
            },
            "require-dev": {
                "nette/tester": "0.9.*"
            },
            "suggest": {
                "ext-fileinfo": "*",
                "ext-gd": "*",
                "ext-mbstring": "*",
                "ext-memcache": "*",
                "ext-pdo": "*"
            },
            "type": "library",
            "extra": {
                "branch-alias": {
                    "dev-master": "2.1-dev"
                }
            },
            "autoload": {
                "files": [
                    "Nette/loader.php"
                ]
            },
            "notification-url": "https://packagist.org/downloads/",
            "license": [
                "BSD-3-Clause",
                "GPL-2.0",
                "GPL-3.0"
            ],
            "authors": [
                {
                    "name": "David Grudl",
                    "homepage": "http://davidgrudl.com"
                },
                {
                    "name": "Nette Community",
                    "homepage": "http://nette.org/contributors"
                }
            ],
            "description": "Nette Framework - innovative framework for fast and easy development of secured web applications in PHP. Write less, have cleaner code and your work will bring you joy.",
            "homepage": "http://nette.org",
            "keywords": [
                "Forms",
                "database",
                "dbal",
                "debugging",
                "framework",
                "images",
                "latte",
                "mailing",
                "micro",
                "mvc",
                "neon",
                "templating"
            ],
            "time": "2013-08-07 23:14:19"
        },
        {
            "name": "pvy/nette-visual-paginator",
            "version": "dev-master",
            "source": {
                "type": "git",
                "url": "https://github.com/pvy/nette-visual-paginator.git",
                "reference": "1b14f23982989590b523ed81c6a03fa7702f382b"
            },
            "dist": {
                "type": "zip",
                "url": "https://api.github.com/repos/pvy/nette-visual-paginator/zipball/1b14f23982989590b523ed81c6a03fa7702f382b",
                "reference": "1b14f23982989590b523ed81c6a03fa7702f382b",
                "shasum": ""
            },
            "require": {
                "nette/nette": "2.0.*"
            },
            "type": "library",
            "autoload": {
                "classmap": [
                    "VisualPaginator.php"
                ]
            },
            "notification-url": "https://packagist.org/downloads/",
            "license": [
                "BSD-3"
            ],
            "authors": [
                {
                    "name": "David Grudl",
                    "email": "david@grudl.com",
                    "homepage": "http://davidgrudl.com",
                    "role": "Developer"
                },
                {
                    "name": "Jan Dolecek",
                    "email": "juzna.cz@gmail.com",
                    "role": "Developer"
                },
                {
                    "name": "pvy",
                    "email": "pvy@centrum.cz"
                }
            ],
            "description": "Simple paginator with ajax support",
            "homepage": "https://github.com/pvy/nette-visual-paginator",
            "keywords": [
                "nette",
                "paginator"
            ],
            "time": "2013-03-05 01:23:52"
        }
    ],
    "packages-dev": [

    ],
    "aliases": [

    ],
    "minimum-stability": "stable",
    "stability-flags": {
        "pvy/nette-visual-paginator": 20
    },
    "platform": {
        "php": ">=5.3.2"
    },
    "platform-dev": [

    ]
}
